
Microsoft Visual Studio Solution File, Format Version 12.00
# Visual Studio Version 17
VisualStudioVersion = 17.6.33723.286
MinimumVisualStudioVersion = 10.0.40219.1
Project("{FAE04EC0-301F-11D3-BF4B-00C04F79EFBC}") = "WykresFunkcji", "WykresFunkcji.csproj", "{A6B510CC-C223-493F-9C2B-FEFDCB67D03B}"
EndProject
Global
	GlobalSection(SolutionConfigurationPlatforms) = preSolution
		Debug|Any CPU = Debug|Any CPU
		Release|Any CPU = Release|Any CPU
	EndGlobalSection
	GlobalSection(ProjectConfigurationPlatforms) = postSolution
		{A6B510CC-C223-493F-9C2B-FEFDCB67D03B}.Debug|Any CPU.ActiveCfg = Debug|Any CPU
		{A6B510CC-C223-493F-9C2B-FEFDCB67D03B}.Debug|Any CPU.Build.0 = Debug|Any CPU
		{A6B510CC-C223-493F-9C2B-FEFDCB67D03B}.Release|Any CPU.ActiveCfg = Release|Any CPU
		{A6B510CC-C223-493F-9C2B-FEFDCB67D03B}.Release|Any CPU.Build.0 = Release|Any CPU
	EndGlobalSection
	GlobalSection(SolutionProperties) = preSolution
		HideSolutionNode = FALSE
	EndGlobalSection
	GlobalSection(ExtensibilityGlobals) = postSolution
		SolutionGuid = {8A13D16E-F772-4CBA-8D18-C91A92A188DF}
	EndGlobalSection
EndGlobal
