
Microsoft Visual Studio Solution File, Format Version 12.00
# Visual Studio Version 17
VisualStudioVersion = 17.6.33723.286
MinimumVisualStudioVersion = 10.0.40219.1
Project("{FAE04EC0-301F-11D3-BF4B-00C04F79EFBC}") = "Negatyw", "Negatyw.csproj", "{F5E3F2AC-C5D3-46D9-B843-4E11D1A1F9F3}"
EndProject
Global
	GlobalSection(SolutionConfigurationPlatforms) = preSolution
		Debug|Any CPU = Debug|Any CPU
		Release|Any CPU = Release|Any CPU
	EndGlobalSection
	GlobalSection(ProjectConfigurationPlatforms) = postSolution
		{F5E3F2AC-C5D3-46D9-B843-4E11D1A1F9F3}.Debug|Any CPU.ActiveCfg = Debug|Any CPU
		{F5E3F2AC-C5D3-46D9-B843-4E11D1A1F9F3}.Debug|Any CPU.Build.0 = Debug|Any CPU
		{F5E3F2AC-C5D3-46D9-B843-4E11D1A1F9F3}.Release|Any CPU.ActiveCfg = Release|Any CPU
		{F5E3F2AC-C5D3-46D9-B843-4E11D1A1F9F3}.Release|Any CPU.Build.0 = Release|Any CPU
	EndGlobalSection
	GlobalSection(SolutionProperties) = preSolution
		HideSolutionNode = FALSE
	EndGlobalSection
	GlobalSection(ExtensibilityGlobals) = postSolution
		SolutionGuid = {598FDA12-A5BF-47B7-B1BF-96F766BD15C3}
	EndGlobalSection
EndGlobal
